
Microsoft Visual Studio Solution File, Format Version 12.00
# Visual Studio Version 17
VisualStudioVersion = 17.14.36202.13 d17.14
MinimumVisualStudioVersion = 10.0.40219.1
Project("{FAE04EC0-301F-11D3-BF4B-00C04F79EFBC}") = "SimpleWinFormsApp", "SimpleWinFormsApp\SimpleWinFormsApp.csproj", "{87CA3A11-0B4A-4166-A9EA-02DB89024E13}"
EndProject
Global
	GlobalSection(SolutionConfigurationPlatforms) = preSolution
		Debug|Any CPU = Debug|Any CPU
		Release|Any CPU = Release|Any CPU
	EndGlobalSection
	GlobalSection(ProjectConfigurationPlatforms) = postSolution
		{87CA3A11-0B4A-4166-A9EA-02DB89024E13}.Debug|Any CPU.ActiveCfg = Debug|Any CPU
		{87CA3A11-0B4A-4166-A9EA-02DB89024E13}.Debug|Any CPU.Build.0 = Debug|Any CPU
		{87CA3A11-0B4A-4166-A9EA-02DB89024E13}.Release|Any CPU.ActiveCfg = Release|Any CPU
		{87CA3A11-0B4A-4166-A9EA-02DB89024E13}.Release|Any CPU.Build.0 = Release|Any CPU
	EndGlobalSection
	GlobalSection(SolutionProperties) = preSolution
		HideSolutionNode = FALSE
	EndGlobalSection
	GlobalSection(ExtensibilityGlobals) = postSolution
		SolutionGuid = {3FE8C649-EBE1-4F12-949A-39D30429ACBA}
	EndGlobalSection
EndGlobal
